
Microsoft Visual Studio Solution File, Format Version 12.00
# Visual Studio Version 16
VisualStudioVersion = 16.0.29001.49
MinimumVisualStudioVersion = 10.0.40219.1
Project("{9A19103F-16F7-4668-BE54-9A1E7A4F7556}") = "CDNA-SkyDrive", "CDNA-SkyDrive\CDNA-SkyDrive.csproj", "{77545F14-A8A3-4651-A720-18D665A421B4}"
EndProject
Global
	GlobalSection(SolutionConfigurationPlatforms) = preSolution
		Debug|Any CPU = Debug|Any CPU
		Release|Any CPU = Release|Any CPU
	EndGlobalSection
	GlobalSection(ProjectConfigurationPlatforms) = postSolution
		{77545F14-A8A3-4651-A720-18D665A421B4}.Debug|Any CPU.ActiveCfg = Debug|Any CPU
		{77545F14-A8A3-4651-A720-18D665A421B4}.Debug|Any CPU.Build.0 = Debug|Any CPU
		{77545F14-A8A3-4651-A720-18D665A421B4}.Release|Any CPU.ActiveCfg = Release|Any CPU
		{77545F14-A8A3-4651-A720-18D665A421B4}.Release|Any CPU.Build.0 = Release|Any CPU
	EndGlobalSection
	GlobalSection(SolutionProperties) = preSolution
		HideSolutionNode = FALSE
	EndGlobalSection
	GlobalSection(ExtensibilityGlobals) = postSolution
		SolutionGuid = {74117008-830F-4989-A18E-7B8EDF9F3748}
	EndGlobalSection
EndGlobal
